// !$*UTF8*$!
{
	archiveVersion = 1;
	classes = {
	};
	objectVersion = 77;
	objects = {

/* Begin PBXBuildFile section */
		504A6ECB2FCDA7380004351E /* AppDelegate.swift in Sources */ = {isa = PBXBuildFile; fileRef = 504A6ECA2FCDA7380004351E /* AppDelegate.swift */; };
		504A6ECF2FCDA7380004351E /* Main.html in Resources */ = {isa = PBXBuildFile; fileRef = 504A6ECD2FCDA7380004351E /* Main.html */; };
		504A6ED12FCDA7380004351E /* Icon.png in Resources */ = {isa = PBXBuildFile; fileRef = 504A6ED02FCDA7380004351E /* Icon.png */; };
		504A6ED32FCDA7380004351E /* Style.css in Resources */ = {isa = PBXBuildFile; fileRef = 504A6ED22FCDA7380004351E /* Style.css */; };
		504A6ED52FCDA7380004351E /* Script.js in Resources */ = {isa = PBXBuildFile; fileRef = 504A6ED42FCDA7380004351E /* Script.js */; };
		504A6ED72FCDA7380004351E /* ViewController.swift in Sources */ = {isa = PBXBuildFile; fileRef = 504A6ED62FCDA7380004351E /* ViewController.swift */; };
		504A6EDA2FCDA7380004351E /* Main.storyboard in Resources */ = {isa = PBXBuildFile; fileRef = 504A6ED82FCDA7380004351E /* Main.storyboard */; };
		504A6EDC2FCDA7390004351E /* Assets.xcassets in Resources */ = {isa = PBXBuildFile; fileRef = 504A6EDB2FCDA7390004351E /* Assets.xcassets */; };
		504A6EE32FCDA7390004351E /* Repo Context Uploader Extension.appex in Embed Foundation Extensions */ = {isa = PBXBuildFile; fileRef = 504A6EE22FCDA7390004351E /* Repo Context Uploader Extension.appex */; settings = {ATTRIBUTES = (RemoveHeadersOnCopy, ); }; };
		504A6EE82FCDA7390004351E /* SafariWebExtensionHandler.swift in Sources */ = {isa = PBXBuildFile; fileRef = 504A6EE72FCDA7390004351E /* SafariWebExtensionHandler.swift */; };
		504A6EFB2FCDA7390004351E /* popup.js in Resources */ = {isa = PBXBuildFile; fileRef = 504A6EF42FCDA7390004351E /* popup.js */; };
		504A6EFC2FCDA7390004351E /* background.js in Resources */ = {isa = PBXBuildFile; fileRef = 504A6EF52FCDA7390004351E /* background.js */; };
		504A6EFD2FCDA7390004351E /* popup.html in Resources */ = {isa = PBXBuildFile; fileRef = 504A6EF62FCDA7390004351E /* popup.html */; };
		504A6EFE2FCDA7390004351E /* icons in Resources */ = {isa = PBXBuildFile; fileRef = 504A6EF72FCDA7390004351E /* icons */; };
		504A6EFF2FCDA7390004351E /* manifest.json in Resources */ = {isa = PBXBuildFile; fileRef = 504A6EF82FCDA7390004351E /* manifest.json */; };
		504A6F002FCDA7390004351E /* assets in Resources */ = {isa = PBXBuildFile; fileRef = 504A6EF92FCDA7390004351E /* assets */; };
		504A6F012FCDA7390004351E /* contentScript.js in Resources */ = {isa = PBXBuildFile; fileRef = 504A6EFA2FCDA7390004351E /* contentScript.js */; };
/* End PBXBuildFile section */

/* Begin PBXContainerItemProxy section */
		504A6EE42FCDA7390004351E /* PBXContainerItemProxy */ = {
			isa = PBXContainerItemProxy;
			containerPortal = 504A6EBF2FCDA7380004351E /* Project object */;
			proxyType = 1;
			remoteGlobalIDString = 504A6EE12FCDA7390004351E;
			remoteInfo = "Repo Context Uploader Extension";
		};
/* End PBXContainerItemProxy section */

/* Begin PBXCopyFilesBuildPhase section */
		504A6EEF2FCDA7390004351E /* Embed Foundation Extensions */ = {
			isa = PBXCopyFilesBuildPhase;
			buildActionMask = 2147483647;
			dstPath = "";
			dstSubfolderSpec = 13;
			files = (
				504A6EE32FCDA7390004351E /* Repo Context Uploader Extension.appex in Embed Foundation Extensions */,
			);
			name = "Embed Foundation Extensions";
			runOnlyForDeploymentPostprocessing = 0;
		};
/* End PBXCopyFilesBuildPhase section */

/* Begin PBXFileReference section */
		504A6EC72FCDA7380004351E /* Repo Context Uploader.app */ = {isa = PBXFileReference; explicitFileType = wrapper.application; includeInIndex = 0; path = "Repo Context Uploader.app"; sourceTree = BUILT_PRODUCTS_DIR; };
		504A6ECA2FCDA7380004351E /* AppDelegate.swift */ = {isa = PBXFileReference; lastKnownFileType = sourcecode.swift; path = AppDelegate.swift; sourceTree = "<group>"; };
		504A6ECE2FCDA7380004351E /* Base */ = {isa = PBXFileReference; lastKnownFileType = text.html; name = Base; path = Base.lproj/Main.html; sourceTree = "<group>"; };
		504A6ED02FCDA7380004351E /* Icon.png */ = {isa = PBXFileReference; lastKnownFileType = image.png; path = Icon.png; sourceTree = "<group>"; };
		504A6ED22FCDA7380004351E /* Style.css */ = {isa = PBXFileReference; lastKnownFileType = text.css; path = Style.css; sourceTree = "<group>"; };
		504A6ED42FCDA7380004351E /* Script.js */ = {isa = PBXFileReference; lastKnownFileType = sourcecode.javascript; path = Script.js; sourceTree = "<group>"; };
		504A6ED62FCDA7380004351E /* ViewController.swift */ = {isa = PBXFileReference; lastKnownFileType = sourcecode.swift; path = ViewController.swift; sourceTree = "<group>"; };
		504A6ED92FCDA7380004351E /* Base */ = {isa = PBXFileReference; lastKnownFileType = file.storyboard; name = Base; path = Base.lproj/Main.storyboard; sourceTree = "<group>"; };
		504A6EDB2FCDA7390004351E /* Assets.xcassets */ = {isa = PBXFileReference; lastKnownFileType = folder.assetcatalog; path = Assets.xcassets; sourceTree = "<group>"; };
		504A6EDD2FCDA7390004351E /* Info.plist */ = {isa = PBXFileReference; lastKnownFileType = text.plist.xml; path = Info.plist; sourceTree = "<group>"; };
		504A6EE22FCDA7390004351E /* Repo Context Uploader Extension.appex */ = {isa = PBXFileReference; explicitFileType = "wrapper.app-extension"; includeInIndex = 0; path = "Repo Context Uploader Extension.appex"; sourceTree = BUILT_PRODUCTS_DIR; };
		504A6EE72FCDA7390004351E /* SafariWebExtensionHandler.swift */ = {isa = PBXFileReference; lastKnownFileType = sourcecode.swift; path = SafariWebExtensionHandler.swift; sourceTree = "<group>"; };
		504A6EE92FCDA7390004351E /* Info.plist */ = {isa = PBXFileReference; lastKnownFileType = text.plist.xml; path = Info.plist; sourceTree = "<group>"; };
		504A6EF42FCDA7390004351E /* popup.js */ = {isa = PBXFileReference; lastKnownFileType = sourcecode.javascript; name = popup.js; path = Resources/popup.js; sourceTree = "<group>"; };
		504A6EF52FCDA7390004351E /* background.js */ = {isa = PBXFileReference; lastKnownFileType = sourcecode.javascript; name = background.js; path = Resources/background.js; sourceTree = "<group>"; };
		504A6EF62FCDA7390004351E /* popup.html */ = {isa = PBXFileReference; lastKnownFileType = text.html; name = popup.html; path = Resources/popup.html; sourceTree = "<group>"; };
		504A6EF72FCDA7390004351E /* icons */ = {isa = PBXFileReference; lastKnownFileType = folder; name = icons; path = Resources/icons; sourceTree = "<group>"; };
		504A6EF82FCDA7390004351E /* manifest.json */ = {isa = PBXFileReference; lastKnownFileType = text.json; name = manifest.json; path = Resources/manifest.json; sourceTree = "<group>"; };
		504A6EF92FCDA7390004351E /* assets */ = {isa = PBXFileReference; lastKnownFileType = folder; name = assets; path = Resources/assets; sourceTree = "<group>"; };
		504A6EFA2FCDA7390004351E /* contentScript.js */ = {isa = PBXFileReference; lastKnownFileType = sourcecode.javascript; name = contentScript.js; path = Resources/contentScript.js; sourceTree = "<group>"; };
/* End PBXFileReference section */

/* Begin PBXFrameworksBuildPhase section */
		504A6EC42FCDA7380004351E /* Frameworks */ = {
			isa = PBXFrameworksBuildPhase;
			buildActionMask = 2147483647;
			files = (
			);
			runOnlyForDeploymentPostprocessing = 0;
		};
		504A6EDF2FCDA7390004351E /* Frameworks */ = {
			isa = PBXFrameworksBuildPhase;
			buildActionMask = 2147483647;
			files = (
			);
			runOnlyForDeploymentPostprocessing = 0;
		};
/* End PBXFrameworksBuildPhase section */

/* Begin PBXGroup section */
		504A6EBE2FCDA7380004351E = {
			isa = PBXGroup;
			children = (
				504A6EC92FCDA7380004351E /* Repo Context Uploader */,
				504A6EE62FCDA7390004351E /* Repo Context Uploader Extension */,
				504A6EC82FCDA7380004351E /* Products */,
			);
			sourceTree = "<group>";
		};
		504A6EC82FCDA7380004351E /* Products */ = {
			isa = PBXGroup;
			children = (
				504A6EC72FCDA7380004351E /* Repo Context Uploader.app */,
				504A6EE22FCDA7390004351E /* Repo Context Uploader Extension.appex */,
			);
			name = Products;
			sourceTree = "<group>";
		};
		504A6EC92FCDA7380004351E /* Repo Context Uploader */ = {
			isa = PBXGroup;
			children = (
				504A6ECA2FCDA7380004351E /* AppDelegate.swift */,
				504A6ED62FCDA7380004351E /* ViewController.swift */,
				504A6ED82FCDA7380004351E /* Main.storyboard */,
				504A6EDB2FCDA7390004351E /* Assets.xcassets */,
				504A6EDD2FCDA7390004351E /* Info.plist */,
				504A6ECC2FCDA7380004351E /* Resources */,
			);
			path = "Repo Context Uploader";
			sourceTree = "<group>";
		};
		504A6ECC2FCDA7380004351E /* Resources */ = {
			isa = PBXGroup;
			children = (
				504A6ECD2FCDA7380004351E /* Main.html */,
				504A6ED02FCDA7380004351E /* Icon.png */,
				504A6ED22FCDA7380004351E /* Style.css */,
				504A6ED42FCDA7380004351E /* Script.js */,
			);
			path = Resources;
			sourceTree = "<group>";
		};
		504A6EE62FCDA7390004351E /* Repo Context Uploader Extension */ = {
			isa = PBXGroup;
			children = (
				504A6EF32FCDA7390004351E /* Resources */,
				504A6EE72FCDA7390004351E /* SafariWebExtensionHandler.swift */,
				504A6EE92FCDA7390004351E /* Info.plist */,
			);
			path = "Repo Context Uploader Extension";
			sourceTree = "<group>";
		};
		504A6EF32FCDA7390004351E /* Resources */ = {
			isa = PBXGroup;
			children = (
				504A6EF42FCDA7390004351E /* popup.js */,
				504A6EF52FCDA7390004351E /* background.js */,
				504A6EF62FCDA7390004351E /* popup.html */,
				504A6EF72FCDA7390004351E /* icons */,
				504A6EF82FCDA7390004351E /* manifest.json */,
				504A6EF92FCDA7390004351E /* assets */,
				504A6EFA2FCDA7390004351E /* contentScript.js */,
			);
			name = Resources;
			path = "Repo Context Uploader Extension";
			sourceTree = SOURCE_ROOT;
		};
/* End PBXGroup section */

/* Begin PBXNativeTarget section */
		504A6EC62FCDA7380004351E /* Repo Context Uploader */ = {
			isa = PBXNativeTarget;
			buildConfigurationList = 504A6EF02FCDA7390004351E /* Build configuration list for PBXNativeTarget "Repo Context Uploader" */;
			buildPhases = (
				504A6EC32FCDA7380004351E /* Sources */,
				504A6EC42FCDA7380004351E /* Frameworks */,
				504A6EC52FCDA7380004351E /* Resources */,
				504A6EEF2FCDA7390004351E /* Embed Foundation Extensions */,
			);
			buildRules = (
			);
			dependencies = (
				504A6EE52FCDA7390004351E /* PBXTargetDependency */,
			);
			name = "Repo Context Uploader";
			packageProductDependencies = (
			);
			productName = "Repo Context Uploader";
			productReference = 504A6EC72FCDA7380004351E /* Repo Context Uploader.app */;
			productType = "com.apple.product-type.application";
		};
		504A6EE12FCDA7390004351E /* Repo Context Uploader Extension */ = {
			isa = PBXNativeTarget;
			buildConfigurationList = 504A6EEC2FCDA7390004351E /* Build configuration list for PBXNativeTarget "Repo Context Uploader Extension" */;
			buildPhases = (
				504A6EDE2FCDA7390004351E /* Sources */,
				504A6EDF2FCDA7390004351E /* Frameworks */,
				504A6EE02FCDA7390004351E /* Resources */,
			);
			buildRules = (
			);
			dependencies = (
			);
			name = "Repo Context Uploader Extension";
			packageProductDependencies = (
			);
			productName = "Repo Context Uploader Extension";
			productReference = 504A6EE22FCDA7390004351E /* Repo Context Uploader Extension.appex */;
			productType = "com.apple.product-type.app-extension";
		};
/* End PBXNativeTarget section */

/* Begin PBXProject section */
		504A6EBF2FCDA7380004351E /* Project object */ = {
			isa = PBXProject;
			attributes = {
				BuildIndependentTargetsInParallel = 1;
				LastSwiftUpdateCheck = 2650;
				LastUpgradeCheck = 2650;
				TargetAttributes = {
					504A6EC62FCDA7380004351E = {
						CreatedOnToolsVersion = 26.5;
					};
					504A6EE12FCDA7390004351E = {
						CreatedOnToolsVersion = 26.5;
					};
				};
			};
			buildConfigurationList = 504A6EC22FCDA7380004351E /* Build configuration list for PBXProject "Repo Context Uploader" */;
			developmentRegion = en;
			hasScannedForEncodings = 0;
			knownRegions = (
				en,
				Base,
			);
			mainGroup = 504A6EBE2FCDA7380004351E;
			minimizedProjectReferenceProxies = 1;
			preferredProjectObjectVersion = 77;
			productRefGroup = 504A6EC82FCDA7380004351E /* Products */;
			projectDirPath = "";
			projectRoot = "";
			targets = (
				504A6EC62FCDA7380004351E /* Repo Context Uploader */,
				504A6EE12FCDA7390004351E /* Repo Context Uploader Extension */,
			);
		};
/* End PBXProject section */

/* Begin PBXResourcesBuildPhase section */
		504A6EC52FCDA7380004351E /* Resources */ = {
			isa = PBXResourcesBuildPhase;
			buildActionMask = 2147483647;
			files = (
				504A6ED12FCDA7380004351E /* Icon.png in Resources */,
				504A6EDA2FCDA7380004351E /* Main.storyboard in Resources */,
				504A6ED52FCDA7380004351E /* Script.js in Resources */,
				504A6ECF2FCDA7380004351E /* Main.html in Resources */,
				504A6EDC2FCDA7390004351E /* Assets.xcassets in Resources */,
				504A6ED32FCDA7380004351E /* Style.css in Resources */,
			);
			runOnlyForDeploymentPostprocessing = 0;
		};
		504A6EE02FCDA7390004351E /* Resources */ = {
			isa = PBXResourcesBuildPhase;
			buildActionMask = 2147483647;
			files = (
				504A6EFC2FCDA7390004351E /* background.js in Resources */,
				504A6EFE2FCDA7390004351E /* icons in Resources */,
				504A6F012FCDA7390004351E /* contentScript.js in Resources */,
				504A6EFF2FCDA7390004351E /* manifest.json in Resources */,
				504A6F002FCDA7390004351E /* assets in Resources */,
				504A6EFD2FCDA7390004351E /* popup.html in Resources */,
				504A6EFB2FCDA7390004351E /* popup.js in Resources */,
			);
			runOnlyForDeploymentPostprocessing = 0;
		};
/* End PBXResourcesBuildPhase section */

/* Begin PBXSourcesBuildPhase section */
		504A6EC32FCDA7380004351E /* Sources */ = {
			isa = PBXSourcesBuildPhase;
			buildActionMask = 2147483647;
			files = (
				504A6ED72FCDA7380004351E /* ViewController.swift in Sources */,
				504A6ECB2FCDA7380004351E /* AppDelegate.swift in Sources */,
			);
			runOnlyForDeploymentPostprocessing = 0;
		};
		504A6EDE2FCDA7390004351E /* Sources */ = {
			isa = PBXSourcesBuildPhase;
			buildActionMask = 2147483647;
			files = (
				504A6EE82FCDA7390004351E /* SafariWebExtensionHandler.swift in Sources */,
			);
			runOnlyForDeploymentPostprocessing = 0;
		};
/* End PBXSourcesBuildPhase section */

/* Begin PBXTargetDependency section */
		504A6EE52FCDA7390004351E /* PBXTargetDependency */ = {
			isa = PBXTargetDependency;
			target = 504A6EE12FCDA7390004351E /* Repo Context Uploader Extension */;
			targetProxy = 504A6EE42FCDA7390004351E /* PBXContainerItemProxy */;
		};
/* End PBXTargetDependency section */

/* Begin PBXVariantGroup section */
		504A6ECD2FCDA7380004351E /* Main.html */ = {
			isa = PBXVariantGroup;
			children = (
				504A6ECE2FCDA7380004351E /* Base */,
			);
			name = Main.html;
			sourceTree = "<group>";
		};
		504A6ED82FCDA7380004351E /* Main.storyboard */ = {
			isa = PBXVariantGroup;
			children = (
				504A6ED92FCDA7380004351E /* Base */,
			);
			name = Main.storyboard;
			sourceTree = "<group>";
		};
/* End PBXVariantGroup section */

/* Begin XCBuildConfiguration section */
		504A6EEA2FCDA7390004351E /* Debug */ = {
			isa = XCBuildConfiguration;
			buildSettings = {
				ALWAYS_SEARCH_USER_PATHS = NO;
				ASSETCATALOG_COMPILER_GENERATE_SWIFT_ASSET_SYMBOL_EXTENSIONS = YES;
				CLANG_ANALYZER_NONNULL = YES;
				CLANG_ANALYZER_NUMBER_OBJECT_CONVERSION = YES_AGGRESSIVE;
				CLANG_CXX_LANGUAGE_STANDARD = "gnu++20";
				CLANG_ENABLE_MODULES = YES;
				CLANG_ENABLE_OBJC_ARC = YES;
				CLANG_ENABLE_OBJC_WEAK = YES;
				CLANG_WARN_BLOCK_CAPTURE_AUTORELEASING = YES;
				CLANG_WARN_BOOL_CONVERSION = YES;
				CLANG_WARN_COMMA = YES;
				CLANG_WARN_CONSTANT_CONVERSION = YES;
				CLANG_WARN_DEPRECATED_OBJC_IMPLEMENTATIONS = YES;
				CLANG_WARN_DIRECT_OBJC_ISA_USAGE = YES_ERROR;
				CLANG_WARN_DOCUMENTATION_COMMENTS = YES;
				CLANG_WARN_EMPTY_BODY = YES;
				CLANG_WARN_ENUM_CONVERSION = YES;
				CLANG_WARN_INFINITE_RECURSION = YES;
				CLANG_WARN_INT_CONVERSION = YES;
				CLANG_WARN_NON_LITERAL_NULL_CONVERSION = YES;
				CLANG_WARN_OBJC_IMPLICIT_RETAIN_SELF = YES;
				CLANG_WARN_OBJC_LITERAL_CONVERSION = YES;
				CLANG_WARN_OBJC_ROOT_CLASS = YES_ERROR;
				CLANG_WARN_QUOTED_INCLUDE_IN_FRAMEWORK_HEADER = YES;
				CLANG_WARN_RANGE_LOOP_ANALYSIS = YES;
				CLANG_WARN_STRICT_PROTOTYPES = YES;
				CLANG_WARN_SUSPICIOUS_MOVE = YES;
				CLANG_WARN_UNGUARDED_AVAILABILITY = YES_AGGRESSIVE;
				CLANG_WARN_UNREACHABLE_CODE = YES;
				CLANG_WARN__DUPLICATE_METHOD_MATCH = YES;
				COPY_PHASE_STRIP = NO;
				DEBUG_INFORMATION_FORMAT = dwarf;
				ENABLE_STRICT_OBJC_MSGSEND = YES;
				ENABLE_TESTABILITY = YES;
				ENABLE_USER_SCRIPT_SANDBOXING = YES;
				GCC_C_LANGUAGE_STANDARD = gnu17;
				GCC_DYNAMIC_NO_PIC = NO;
				GCC_NO_COMMON_BLOCKS = YES;
				GCC_OPTIMIZATION_LEVEL = 0;
				GCC_PREPROCESSOR_DEFINITIONS = (
					"DEBUG=1",
					"$(inherited)",
				);
				GCC_WARN_64_TO_32_BIT_CONVERSION = YES;
				GCC_WARN_ABOUT_RETURN_TYPE = YES_ERROR;
				GCC_WARN_UNDECLARED_SELECTOR = YES;
				GCC_WARN_UNINITIALIZED_AUTOS = YES_AGGRESSIVE;
				GCC_WARN_UNUSED_FUNCTION = YES;
				GCC_WARN_UNUSED_VARIABLE = YES;
				LOCALIZATION_PREFERS_STRING_CATALOGS = YES;
				MACOSX_DEPLOYMENT_TARGET = 14.0;
				MTL_ENABLE_DEBUG_INFO = INCLUDE_SOURCE;
				MTL_FAST_MATH = YES;
				ONLY_ACTIVE_ARCH = YES;
				SDKROOT = macosx;
				SWIFT_ACTIVE_COMPILATION_CONDITIONS = "DEBUG $(inherited)";
				SWIFT_OPTIMIZATION_LEVEL = "-Onone";
			};
			name = Debug;
		};
		504A6EEB2FCDA7390004351E /* Release */ = {
			isa = XCBuildConfiguration;
			buildSettings = {
				ALWAYS_SEARCH_USER_PATHS = NO;
				ASSETCATALOG_COMPILER_GENERATE_SWIFT_ASSET_SYMBOL_EXTENSIONS = YES;
				CLANG_ANALYZER_NONNULL = YES;
				CLANG_ANALYZER_NUMBER_OBJECT_CONVERSION = YES_AGGRESSIVE;
				CLANG_CXX_LANGUAGE_STANDARD = "gnu++20";
				CLANG_ENABLE_MODULES = YES;
				CLANG_ENABLE_OBJC_ARC = YES;
				CLANG_ENABLE_OBJC_WEAK = YES;
				CLANG_WARN_BLOCK_CAPTURE_AUTORELEASING = YES;
				CLANG_WARN_BOOL_CONVERSION = YES;
				CLANG_WARN_COMMA = YES;
				CLANG_WARN_CONSTANT_CONVERSION = YES;
				CLANG_WARN_DEPRECATED_OBJC_IMPLEMENTATIONS = YES;
				CLANG_WARN_DIRECT_OBJC_ISA_USAGE = YES_ERROR;
				CLANG_WARN_DOCUMENTATION_COMMENTS = YES;
				CLANG_WARN_EMPTY_BODY = YES;
				CLANG_WARN_ENUM_CONVERSION = YES;
				CLANG_WARN_INFINITE_RECURSION = YES;
				CLANG_WARN_INT_CONVERSION = YES;
				CLANG_WARN_NON_LITERAL_NULL_CONVERSION = YES;
				CLANG_WARN_OBJC_IMPLICIT_RETAIN_SELF = YES;
				CLANG_WARN_OBJC_LITERAL_CONVERSION = YES;
				CLANG_WARN_OBJC_ROOT_CLASS = YES_ERROR;
				CLANG_WARN_QUOTED_INCLUDE_IN_FRAMEWORK_HEADER = YES;
				CLANG_WARN_RANGE_LOOP_ANALYSIS = YES;
				CLANG_WARN_STRICT_PROTOTYPES = YES;
				CLANG_WARN_SUSPICIOUS_MOVE = YES;
				CLANG_WARN_UNGUARDED_AVAILABILITY = YES_AGGRESSIVE;
				CLANG_WARN_UNREACHABLE_CODE = YES;
				CLANG_WARN__DUPLICATE_METHOD_MATCH = YES;
				COPY_PHASE_STRIP = NO;
				DEBUG_INFORMATION_FORMAT = "dwarf-with-dsym";
				ENABLE_NS_ASSERTIONS = NO;
				ENABLE_STRICT_OBJC_MSGSEND = YES;
				ENABLE_USER_SCRIPT_SANDBOXING = YES;
				GCC_C_LANGUAGE_STANDARD = gnu17;
				GCC_NO_COMMON_BLOCKS = YES;
				GCC_WARN_64_TO_32_BIT_CONVERSION = YES;
				GCC_WARN_ABOUT_RETURN_TYPE = YES_ERROR;
				GCC_WARN_UNDECLARED_SELECTOR = YES;
				GCC_WARN_UNINITIALIZED_AUTOS = YES_AGGRESSIVE;
				GCC_WARN_UNUSED_FUNCTION = YES;
				GCC_WARN_UNUSED_VARIABLE = YES;
				LOCALIZATION_PREFERS_STRING_CATALOGS = YES;
				MACOSX_DEPLOYMENT_TARGET = 14.0;
				MTL_ENABLE_DEBUG_INFO = NO;
				MTL_FAST_MATH = YES;
				SDKROOT = macosx;
				SWIFT_COMPILATION_MODE = wholemodule;
			};
			name = Release;
		};
		504A6EED2FCDA7390004351E /* Debug */ = {
			isa = XCBuildConfiguration;
			buildSettings = {
				CODE_SIGN_STYLE = Automatic;
				CURRENT_PROJECT_VERSION = 1;
				ENABLE_APP_SANDBOX = YES;
				ENABLE_HARDENED_RUNTIME = YES;
				ENABLE_USER_SELECTED_FILES = readonly;
				GENERATE_INFOPLIST_FILE = YES;
				INFOPLIST_FILE = "Repo Context Uploader Extension/Info.plist";
				INFOPLIST_KEY_CFBundleDisplayName = "Repo Context Uploader Extension";
				INFOPLIST_KEY_NSHumanReadableCopyright = "";
				LD_RUNPATH_SEARCH_PATHS = (
					"$(inherited)",
					"@executable_path/../Frameworks",
					"@executable_path/../../../../Frameworks",
				);
				MACOSX_DEPLOYMENT_TARGET = 14.0;
				MARKETING_VERSION = 1.0;
				OTHER_LDFLAGS = (
					"-framework",
					SafariServices,
				);
				PRODUCT_BUNDLE_IDENTIFIER = "com.elephanthand.Repo-Context-Uploader.Extension";
				PRODUCT_NAME = "$(TARGET_NAME)";
				SKIP_INSTALL = YES;
				STRING_CATALOG_GENERATE_SYMBOLS = YES;
				SWIFT_APPROACHABLE_CONCURRENCY = YES;
				SWIFT_EMIT_LOC_STRINGS = YES;
				SWIFT_UPCOMING_FEATURE_MEMBER_IMPORT_VISIBILITY = YES;
				SWIFT_VERSION = 5.0;
			};
			name = Debug;
		};
		504A6EEE2FCDA7390004351E /* Release */ = {
			isa = XCBuildConfiguration;
			buildSettings = {
				CODE_SIGN_STYLE = Automatic;
				CURRENT_PROJECT_VERSION = 1;
				ENABLE_APP_SANDBOX = YES;
				ENABLE_HARDENED_RUNTIME = YES;
				ENABLE_USER_SELECTED_FILES = readonly;
				GENERATE_INFOPLIST_FILE = YES;
				INFOPLIST_FILE = "Repo Context Uploader Extension/Info.plist";
				INFOPLIST_KEY_CFBundleDisplayName = "Repo Context Uploader Extension";
				INFOPLIST_KEY_NSHumanReadableCopyright = "";
				LD_RUNPATH_SEARCH_PATHS = (
					"$(inherited)",
					"@executable_path/../Frameworks",
					"@executable_path/../../../../Frameworks",
				);
				MACOSX_DEPLOYMENT_TARGET = 14.0;
				MARKETING_VERSION = 1.0;
				OTHER_LDFLAGS = (
					"-framework",
					SafariServices,
				);
				PRODUCT_BUNDLE_IDENTIFIER = "com.elephanthand.Repo-Context-Uploader.Extension";
				PRODUCT_NAME = "$(TARGET_NAME)";
				SKIP_INSTALL = YES;
				STRING_CATALOG_GENERATE_SYMBOLS = YES;
				SWIFT_APPROACHABLE_CONCURRENCY = YES;
				SWIFT_EMIT_LOC_STRINGS = YES;
				SWIFT_UPCOMING_FEATURE_MEMBER_IMPORT_VISIBILITY = YES;
				SWIFT_VERSION = 5.0;
			};
			name = Release;
		};
		504A6EF12FCDA7390004351E /* Debug */ = {
			isa = XCBuildConfiguration;
			buildSettings = {
				ASSETCATALOG_COMPILER_APPICON_NAME = AppIcon;
				ASSETCATALOG_COMPILER_GLOBAL_ACCENT_COLOR_NAME = AccentColor;
				CODE_SIGN_STYLE = Automatic;
				COMBINE_HIDPI_IMAGES = YES;
				CURRENT_PROJECT_VERSION = 1;
				ENABLE_APP_SANDBOX = YES;
				ENABLE_HARDENED_RUNTIME = YES;
				ENABLE_OUTGOING_NETWORK_CONNECTIONS = YES;
				ENABLE_USER_SELECTED_FILES = readonly;
				GENERATE_INFOPLIST_FILE = YES;
				INFOPLIST_FILE = "Repo Context Uploader/Info.plist";
				INFOPLIST_KEY_CFBundleDisplayName = "Repo Context Uploader";
				INFOPLIST_KEY_NSHumanReadableCopyright = "";
				INFOPLIST_KEY_NSMainStoryboardFile = Main;
				INFOPLIST_KEY_NSPrincipalClass = NSApplication;
				LD_RUNPATH_SEARCH_PATHS = (
					"$(inherited)",
					"@executable_path/../Frameworks",
				);
				MARKETING_VERSION = 1.0;
				OTHER_LDFLAGS = (
					"-framework",
					SafariServices,
					"-framework",
					WebKit,
				);
				PRODUCT_BUNDLE_IDENTIFIER = "com.elephanthand.Repo-Context-Uploader";
				PRODUCT_NAME = "$(TARGET_NAME)";
				REGISTER_APP_GROUPS = YES;
				STRING_CATALOG_GENERATE_SYMBOLS = YES;
				SWIFT_APPROACHABLE_CONCURRENCY = YES;
				SWIFT_DEFAULT_ACTOR_ISOLATION = MainActor;
				SWIFT_EMIT_LOC_STRINGS = YES;
				SWIFT_UPCOMING_FEATURE_MEMBER_IMPORT_VISIBILITY = YES;
				SWIFT_VERSION = 5.0;
			};
			name = Debug;
		};
		504A6EF22FCDA7390004351E /* Release */ = {
			isa = XCBuildConfiguration;
			buildSettings = {
				ASSETCATALOG_COMPILER_APPICON_NAME = AppIcon;
				ASSETCATALOG_COMPILER_GLOBAL_ACCENT_COLOR_NAME = AccentColor;
				CODE_SIGN_STYLE = Automatic;
				COMBINE_HIDPI_IMAGES = YES;
				CURRENT_PROJECT_VERSION = 1;
				ENABLE_APP_SANDBOX = YES;
				ENABLE_HARDENED_RUNTIME = YES;
				ENABLE_OUTGOING_NETWORK_CONNECTIONS = YES;
				ENABLE_USER_SELECTED_FILES = readonly;
				GENERATE_INFOPLIST_FILE = YES;
				INFOPLIST_FILE = "Repo Context Uploader/Info.plist";
				INFOPLIST_KEY_CFBundleDisplayName = "Repo Context Uploader";
				INFOPLIST_KEY_NSHumanReadableCopyright = "";
				INFOPLIST_KEY_NSMainStoryboardFile = Main;
				INFOPLIST_KEY_NSPrincipalClass = NSApplication;
				LD_RUNPATH_SEARCH_PATHS = (
					"$(inherited)",
					"@executable_path/../Frameworks",
				);
				MARKETING_VERSION = 1.0;
				OTHER_LDFLAGS = (
					"-framework",
					SafariServices,
					"-framework",
					WebKit,
				);
				PRODUCT_BUNDLE_IDENTIFIER = "com.elephanthand.Repo-Context-Uploader";
				PRODUCT_NAME = "$(TARGET_NAME)";
				REGISTER_APP_GROUPS = YES;
				STRING_CATALOG_GENERATE_SYMBOLS = YES;
				SWIFT_APPROACHABLE_CONCURRENCY = YES;
				SWIFT_DEFAULT_ACTOR_ISOLATION = MainActor;
				SWIFT_EMIT_LOC_STRINGS = YES;
				SWIFT_UPCOMING_FEATURE_MEMBER_IMPORT_VISIBILITY = YES;
				SWIFT_VERSION = 5.0;
			};
			name = Release;
		};
/* End XCBuildConfiguration section */

/* Begin XCConfigurationList section */
		504A6EC22FCDA7380004351E /* Build configuration list for PBXProject "Repo Context Uploader" */ = {
			isa = XCConfigurationList;
			buildConfigurations = (
				504A6EEA2FCDA7390004351E /* Debug */,
				504A6EEB2FCDA7390004351E /* Release */,
			);
			defaultConfigurationIsVisible = 0;
			defaultConfigurationName = Release;
		};
		504A6EEC2FCDA7390004351E /* Build configuration list for PBXNativeTarget "Repo Context Uploader Extension" */ = {
			isa = XCConfigurationList;
			buildConfigurations = (
				504A6EED2FCDA7390004351E /* Debug */,
				504A6EEE2FCDA7390004351E /* Release */,
			);
			defaultConfigurationIsVisible = 0;
			defaultConfigurationName = Release;
		};
		504A6EF02FCDA7390004351E /* Build configuration list for PBXNativeTarget "Repo Context Uploader" */ = {
			isa = XCConfigurationList;
			buildConfigurations = (
				504A6EF12FCDA7390004351E /* Debug */,
				504A6EF22FCDA7390004351E /* Release */,
			);
			defaultConfigurationIsVisible = 0;
			defaultConfigurationName = Release;
		};
/* End XCConfigurationList section */
	};
	rootObject = 504A6EBF2FCDA7380004351E /* Project object */;
}
